// !$*UTF8*$!
{
	archiveVersion = 1;
	classes = {
	};
	objectVersion = 46;
	objects = {

/* Begin PBXBuildFile section */
		39021AD31DCD000B00486657 /* UIImageView+Remote.m in Sources */ = {isa = PBXBuildFile; fileRef = 39021AD21DCD000B00486657 /* UIImageView+Remote.m */; };
		39195C7E1F945FCD00C81E6A /* RegularSeasonHistoryCell.swift in Sources */ = {isa = PBXBuildFile; fileRef = 39195C7D1F945FCD00C81E6A /* RegularSeasonHistoryCell.swift */; };
		3924FBD71F943496002C48B2 /* Season.swift in Sources */ = {isa = PBXBuildFile; fileRef = 3924FBD61F943496002C48B2 /* Season.swift */; };
		3924FBDA1F94439C002C48B2 /* MSFTeamID.swift in Sources */ = {isa = PBXBuildFile; fileRef = 3924FBD91F94439C002C48B2 /* MSFTeamID.swift */; };
		396C8E8D1CDA7D20004AD32D /* Assets.xcassets in Resources */ = {isa = PBXBuildFile; fileRef = 396C8E8C1CDA7D20004AD32D /* Assets.xcassets */; };
		396C8E901CDA7D20004AD32D /* LaunchScreen.storyboard in Resources */ = {isa = PBXBuildFile; fileRef = 396C8E8E1CDA7D20004AD32D /* LaunchScreen.storyboard */; };
		396C8E991CDA87CB004AD32D /* Logos.xcassets in Resources */ = {isa = PBXBuildFile; fileRef = 396C8E981CDA87CB004AD32D /* Logos.xcassets */; };
		396C8E9D1CDA8AEB004AD32D /* AKTeamsListViewController.m in Sources */ = {isa = PBXBuildFile; fileRef = 396C8E9B1CDA8AEB004AD32D /* AKTeamsListViewController.m */; };
		396C8E9E1CDA8AEB004AD32D /* AKTeamsListViewController.xib in Resources */ = {isa = PBXBuildFile; fileRef = 396C8E9C1CDA8AEB004AD32D /* AKTeamsListViewController.xib */; };
		396C8EA81CDA91CB004AD32D /* Constants.m in Sources */ = {isa = PBXBuildFile; fileRef = 396C8EA71CDA91CB004AD32D /* Constants.m */; };
		396C8EAB1CDAAF24004AD32D /* AKTeamsListTableViewCell.m in Sources */ = {isa = PBXBuildFile; fileRef = 396C8EAA1CDAAF24004AD32D /* AKTeamsListTableViewCell.m */; };
		396C8EAE1CDAAF69004AD32D /* AKTeamsListTableViewCell.xib in Resources */ = {isa = PBXBuildFile; fileRef = 396C8EAD1CDAAF69004AD32D /* AKTeamsListTableViewCell.xib */; };
		398194691F7779BB007E2FB4 /* GoogleService-Info.plist in Resources */ = {isa = PBXBuildFile; fileRef = 398194651F7776C4007E2FB4 /* GoogleService-Info.plist */; };
		3981946A1F777B44007E2FB4 /* Fabric.framework in Frameworks */ = {isa = PBXBuildFile; fileRef = 398194681F777925007E2FB4 /* Fabric.framework */; };
		3981946B1F777B47007E2FB4 /* Crashlytics.framework in Frameworks */ = {isa = PBXBuildFile; fileRef = 398194671F777925007E2FB4 /* Crashlytics.framework */; };
		3981946F1F7890F3007E2FB4 /* Realm.framework in Frameworks */ = {isa = PBXBuildFile; fileRef = 3981946E1F788FAA007E2FB4 /* Realm.framework */; };
		398194701F7890F3007E2FB4 /* Realm.framework in Embed Frameworks */ = {isa = PBXBuildFile; fileRef = 3981946E1F788FAA007E2FB4 /* Realm.framework */; settings = {ATTRIBUTES = (CodeSignOnCopy, RemoveHeadersOnCopy, ); }; };
		398194721F7890F7007E2FB4 /* RealmSwift.framework in Frameworks */ = {isa = PBXBuildFile; fileRef = 3981946D1F788FA9007E2FB4 /* RealmSwift.framework */; };
		398194731F7890F7007E2FB4 /* RealmSwift.framework in Embed Frameworks */ = {isa = PBXBuildFile; fileRef = 3981946D1F788FA9007E2FB4 /* RealmSwift.framework */; settings = {ATTRIBUTES = (CodeSignOnCopy, RemoveHeadersOnCopy, ); }; };
		398194741F789104007E2FB4 /* Fabric.framework in Frameworks */ = {isa = PBXBuildFile; fileRef = 398194681F777925007E2FB4 /* Fabric.framework */; };
		398194751F789104007E2FB4 /* Fabric.framework in Embed Frameworks */ = {isa = PBXBuildFile; fileRef = 398194681F777925007E2FB4 /* Fabric.framework */; settings = {ATTRIBUTES = (CodeSignOnCopy, RemoveHeadersOnCopy, ); }; };
		398194761F789108007E2FB4 /* Crashlytics.framework in Frameworks */ = {isa = PBXBuildFile; fileRef = 398194671F777925007E2FB4 /* Crashlytics.framework */; };
		398194771F789108007E2FB4 /* Crashlytics.framework in Embed Frameworks */ = {isa = PBXBuildFile; fileRef = 398194671F777925007E2FB4 /* Crashlytics.framework */; settings = {ATTRIBUTES = (CodeSignOnCopy, RemoveHeadersOnCopy, ); }; };
		3981947B1F7B4F6E007E2FB4 /* SwiftDate.framework in Frameworks */ = {isa = PBXBuildFile; fileRef = 3981947A1F7B4F40007E2FB4 /* SwiftDate.framework */; };
		3981947C1F7B4F6E007E2FB4 /* SwiftDate.framework in Embed Frameworks */ = {isa = PBXBuildFile; fileRef = 3981947A1F7B4F40007E2FB4 /* SwiftDate.framework */; settings = {ATTRIBUTES = (CodeSignOnCopy, RemoveHeadersOnCopy, ); }; };
		3981947F1F7B6314007E2FB4 /* AppDelegate.swift in Sources */ = {isa = PBXBuildFile; fileRef = 3981947E1F7B6314007E2FB4 /* AppDelegate.swift */; };
		398194811F7B6555007E2FB4 /* TinyConstraints.framework in Frameworks */ = {isa = PBXBuildFile; fileRef = 398194801F7B6533007E2FB4 /* TinyConstraints.framework */; };
		398194821F7B6555007E2FB4 /* TinyConstraints.framework in Embed Frameworks */ = {isa = PBXBuildFile; fileRef = 398194801F7B6533007E2FB4 /* TinyConstraints.framework */; settings = {ATTRIBUTES = (CodeSignOnCopy, RemoveHeadersOnCopy, ); }; };
		398194851F7CA4FE007E2FB4 /* ObjectMapper.framework in Frameworks */ = {isa = PBXBuildFile; fileRef = 398194841F7CA4EF007E2FB4 /* ObjectMapper.framework */; };
		398194861F7CA4FE007E2FB4 /* ObjectMapper.framework in Embed Frameworks */ = {isa = PBXBuildFile; fileRef = 398194841F7CA4EF007E2FB4 /* ObjectMapper.framework */; settings = {ATTRIBUTES = (CodeSignOnCopy, RemoveHeadersOnCopy, ); }; };
		398194871F7CA502007E2FB4 /* Alamofire.framework in Frameworks */ = {isa = PBXBuildFile; fileRef = 398194831F7CA4E7007E2FB4 /* Alamofire.framework */; };
		398194881F7CA502007E2FB4 /* Alamofire.framework in Embed Frameworks */ = {isa = PBXBuildFile; fileRef = 398194831F7CA4E7007E2FB4 /* Alamofire.framework */; settings = {ATTRIBUTES = (CodeSignOnCopy, RemoveHeadersOnCopy, ); }; };
		3981948A1F7CA6CB007E2FB4 /* Team.swift in Sources */ = {isa = PBXBuildFile; fileRef = 398194891F7CA6CB007E2FB4 /* Team.swift */; };
		3981948D1F7CAB82007E2FB4 /* SeasonFetcher.swift in Sources */ = {isa = PBXBuildFile; fileRef = 3981948C1F7CAB82007E2FB4 /* SeasonFetcher.swift */; };
		398194901F7CB57D007E2FB4 /* AlamofireObjectMapper.framework in Frameworks */ = {isa = PBXBuildFile; fileRef = 3981948F1F7CB56F007E2FB4 /* AlamofireObjectMapper.framework */; };
		398194911F7CB57D007E2FB4 /* AlamofireObjectMapper.framework in Embed Frameworks */ = {isa = PBXBuildFile; fileRef = 3981948F1F7CB56F007E2FB4 /* AlamofireObjectMapper.framework */; settings = {ATTRIBUTES = (CodeSignOnCopy, RemoveHeadersOnCopy, ); }; };
		398194931F7CB604007E2FB4 /* Game.swift in Sources */ = {isa = PBXBuildFile; fileRef = 398194921F7CB604007E2FB4 /* Game.swift */; };
		398194961F81A739007E2FB4 /* RemoteConfig.swift in Sources */ = {isa = PBXBuildFile; fileRef = 398194951F81A739007E2FB4 /* RemoteConfig.swift */; };
		398194991F82070B007E2FB4 /* Tracker.swift in Sources */ = {isa = PBXBuildFile; fileRef = 398194981F82070B007E2FB4 /* Tracker.swift */; };
		39BC83561DE51EDA00A106A2 /* AKTeamCupsTableViewCell.m in Sources */ = {isa = PBXBuildFile; fileRef = 39BC83541DE51EDA00A106A2 /* AKTeamCupsTableViewCell.m */; };
		39BC83571DE51EDA00A106A2 /* AKTeamCupsTableViewCell.xib in Resources */ = {isa = PBXBuildFile; fileRef = 39BC83551DE51EDA00A106A2 /* AKTeamCupsTableViewCell.xib */; };
		39BC835B1DE51F0600A106A2 /* AKTeamColorsTableViewCell.m in Sources */ = {isa = PBXBuildFile; fileRef = 39BC83591DE51F0600A106A2 /* AKTeamColorsTableViewCell.m */; };
		39BC835C1DE51F0600A106A2 /* AKTeamColorsTableViewCell.xib in Resources */ = {isa = PBXBuildFile; fileRef = 39BC835A1DE51F0600A106A2 /* AKTeamColorsTableViewCell.xib */; };
		39BC835F1DE52BB800A106A2 /* UIColor+Hex.m in Sources */ = {isa = PBXBuildFile; fileRef = 39BC835E1DE52BB800A106A2 /* UIColor+Hex.m */; };
		39C14EB71E36CBC3009CE1A0 /* HDTeamSeasonFetcher.m in Sources */ = {isa = PBXBuildFile; fileRef = 39C14EB61E36CBC3009CE1A0 /* HDTeamSeasonFetcher.m */; };
		39C14EBD1E36E860009CE1A0 /* HDRegularSeasonHistoryTableViewController.m in Sources */ = {isa = PBXBuildFile; fileRef = 39C14EBB1E36E860009CE1A0 /* HDRegularSeasonHistoryTableViewController.m */; };
		39C14EBE1E36E860009CE1A0 /* HDRegularSeasonHistoryTableViewController.xib in Resources */ = {isa = PBXBuildFile; fileRef = 39C14EBC1E36E860009CE1A0 /* HDRegularSeasonHistoryTableViewController.xib */; };
		39C14EC31E36EA4C009CE1A0 /* HDRegularSeasonTableViewCell.m in Sources */ = {isa = PBXBuildFile; fileRef = 39C14EC11E36EA4C009CE1A0 /* HDRegularSeasonTableViewCell.m */; };
		39C14EC41E36EA4C009CE1A0 /* HDRegularSeasonTableViewCell.xib in Resources */ = {isa = PBXBuildFile; fileRef = 39C14EC21E36EA4C009CE1A0 /* HDRegularSeasonTableViewCell.xib */; };
		39C14EC61E372D1A009CE1A0 /* HDRegularSeasonSectionHeaderView.xib in Resources */ = {isa = PBXBuildFile; fileRef = 39C14EC51E372D1A009CE1A0 /* HDRegularSeasonSectionHeaderView.xib */; };
		39D610231DDE724E0098BB61 /* AKTeamGeneralInfoTableViewCell.m in Sources */ = {isa = PBXBuildFile; fileRef = 39D610211DDE724E0098BB61 /* AKTeamGeneralInfoTableViewCell.m */; };
		39D610241DDE724E0098BB61 /* AKTeamGeneralInfoTableViewCell.xib in Resources */ = {isa = PBXBuildFile; fileRef = 39D610221DDE724E0098BB61 /* AKTeamGeneralInfoTableViewCell.xib */; };
		39D610281DDE73CA0098BB61 /* AKTeamTableViewController.m in Sources */ = {isa = PBXBuildFile; fileRef = 39D610261DDE73CA0098BB61 /* AKTeamTableViewController.m */; };
		39D610291DDE73CA0098BB61 /* AKTeamTableViewController.xib in Resources */ = {isa = PBXBuildFile; fileRef = 39D610271DDE73CA0098BB61 /* AKTeamTableViewController.xib */; };
		39D6102D1DDE7B060098BB61 /* AKTeamVenueTableViewCell.m in Sources */ = {isa = PBXBuildFile; fileRef = 39D6102B1DDE7B060098BB61 /* AKTeamVenueTableViewCell.m */; };
		39D6102E1DDE7B060098BB61 /* AKTeamVenueTableViewCell.xib in Resources */ = {isa = PBXBuildFile; fileRef = 39D6102C1DDE7B060098BB61 /* AKTeamVenueTableViewCell.xib */; };
		39D610331DDE82260098BB61 /* AKRosterTableViewController.m in Sources */ = {isa = PBXBuildFile; fileRef = 39D610311DDE82260098BB61 /* AKRosterTableViewController.m */; };
		39D610341DDE82260098BB61 /* AKRosterTableViewController.xib in Resources */ = {isa = PBXBuildFile; fileRef = 39D610321DDE82260098BB61 /* AKRosterTableViewController.xib */; };
		39D610391DDE82FA0098BB61 /* AKRosterTableViewCell.m in Sources */ = {isa = PBXBuildFile; fileRef = 39D610371DDE82FA0098BB61 /* AKRosterTableViewCell.m */; };
		39D6103A1DDE82FA0098BB61 /* AKRosterTableViewCell.xib in Resources */ = {isa = PBXBuildFile; fileRef = 39D610381DDE82FA0098BB61 /* AKRosterTableViewCell.xib */; };
		39D6103D1DDE9E9F0098BB61 /* AKTeamTableViewCell.m in Sources */ = {isa = PBXBuildFile; fileRef = 39D6103C1DDE9E9F0098BB61 /* AKTeamTableViewCell.m */; };
		72D657343B93FE3225021F67 /* libPods-HockeyData.a in Frameworks */ = {isa = PBXBuildFile; fileRef = 6A1CA2974F8D49B25AE53141 /* libPods-HockeyData.a */; };
/* End PBXBuildFile section */

/* Begin PBXCopyFilesBuildPhase section */
		398194711F7890F3007E2FB4 /* Embed Frameworks */ = {
			isa = PBXCopyFilesBuildPhase;
			buildActionMask = 2147483647;
			dstPath = "";
			dstSubfolderSpec = 10;
			files = (
				398194731F7890F7007E2FB4 /* RealmSwift.framework in Embed Frameworks */,
				3981947C1F7B4F6E007E2FB4 /* SwiftDate.framework in Embed Frameworks */,
				398194701F7890F3007E2FB4 /* Realm.framework in Embed Frameworks */,
				398194821F7B6555007E2FB4 /* TinyConstraints.framework in Embed Frameworks */,
				398194911F7CB57D007E2FB4 /* AlamofireObjectMapper.framework in Embed Frameworks */,
				398194771F789108007E2FB4 /* Crashlytics.framework in Embed Frameworks */,
				398194751F789104007E2FB4 /* Fabric.framework in Embed Frameworks */,
				398194861F7CA4FE007E2FB4 /* ObjectMapper.framework in Embed Frameworks */,
				398194881F7CA502007E2FB4 /* Alamofire.framework in Embed Frameworks */,
			);
			name = "Embed Frameworks";
			runOnlyForDeploymentPostprocessing = 0;
		};
/* End PBXCopyFilesBuildPhase section */

/* Begin PBXFileReference section */
		20C0473606AC4CFFAEC4A5FE /* Pods-Hockey Data.debug.xcconfig */ = {isa = PBXFileReference; includeInIndex = 1; lastKnownFileType = text.xcconfig; name = "Pods-Hockey Data.debug.xcconfig"; path = "Pods/Target Support Files/Pods-Hockey Data/Pods-Hockey Data.debug.xcconfig"; sourceTree = "<group>"; };
		2A44BE39314E2F757E7E46EA /* Pods-HockeyData.debug.xcconfig */ = {isa = PBXFileReference; includeInIndex = 1; lastKnownFileType = text.xcconfig; name = "Pods-HockeyData.debug.xcconfig"; path = "Pods/Target Support Files/Pods-HockeyData/Pods-HockeyData.debug.xcconfig"; sourceTree = "<group>"; };
		39021AD11DCD000B00486657 /* UIImageView+Remote.h */ = {isa = PBXFileReference; fileEncoding = 4; lastKnownFileType = sourcecode.c.h; path = "UIImageView+Remote.h"; sourceTree = "<group>"; };
		39021AD21DCD000B00486657 /* UIImageView+Remote.m */ = {isa = PBXFileReference; fileEncoding = 4; lastKnownFileType = sourcecode.c.objc; path = "UIImageView+Remote.m"; sourceTree = "<group>"; };
		39195C7D1F945FCD00C81E6A /* RegularSeasonHistoryCell.swift */ = {isa = PBXFileReference; lastKnownFileType = sourcecode.swift; path = RegularSeasonHistoryCell.swift; sourceTree = "<group>"; };
		3924FBD61F943496002C48B2 /* Season.swift */ = {isa = PBXFileReference; lastKnownFileType = sourcecode.swift; path = Season.swift; sourceTree = "<group>"; };
		3924FBD91F94439C002C48B2 /* MSFTeamID.swift */ = {isa = PBXFileReference; lastKnownFileType = sourcecode.swift; path = MSFTeamID.swift; sourceTree = "<group>"; };
		396C8E7D1CDA7D20004AD32D /* HockeyData.app */ = {isa = PBXFileReference; explicitFileType = wrapper.application; includeInIndex = 0; path = HockeyData.app; sourceTree = BUILT_PRODUCTS_DIR; };
		396C8E8C1CDA7D20004AD32D /* Assets.xcassets */ = {isa = PBXFileReference; lastKnownFileType = folder.assetcatalog; path = Assets.xcassets; sourceTree = "<group>"; };
		396C8E8F1CDA7D20004AD32D /* Base */ = {isa = PBXFileReference; lastKnownFileType = file.storyboard; name = Base; path = Base.lproj/LaunchScreen.storyboard; sourceTree = "<group>"; };
		396C8E911CDA7D20004AD32D /* Info.plist */ = {isa = PBXFileReference; lastKnownFileType = text.plist.xml; path = Info.plist; sourceTree = "<group>"; };
		396C8E981CDA87CB004AD32D /* Logos.xcassets */ = {isa = PBXFileReference; lastKnownFileType = folder.assetcatalog; path = Logos.xcassets; sourceTree = "<group>"; };
		396C8E9A1CDA8AEB004AD32D /* AKTeamsListViewController.h */ = {isa = PBXFileReference; fileEncoding = 4; lastKnownFileType = sourcecode.c.h; path = AKTeamsListViewController.h; sourceTree = "<group>"; };
		396C8E9B1CDA8AEB004AD32D /* AKTeamsListViewController.m */ = {isa = PBXFileReference; fileEncoding = 4; lastKnownFileType = sourcecode.c.objc; path = AKTeamsListViewController.m; sourceTree = "<group>"; };
		396C8E9C1CDA8AEB004AD32D /* AKTeamsListViewController.xib */ = {isa = PBXFileReference; fileEncoding = 4; lastKnownFileType = file.xib; path = AKTeamsListViewController.xib; sourceTree = "<group>"; };
		396C8EA61CDA91CB004AD32D /* Constants.h */ = {isa = PBXFileReference; fileEncoding = 4; lastKnownFileType = sourcecode.c.h; path = Constants.h; sourceTree = "<group>"; };
		396C8EA71CDA91CB004AD32D /* Constants.m */ = {isa = PBXFileReference; fileEncoding = 4; lastKnownFileType = sourcecode.c.objc; path = Constants.m; sourceTree = "<group>"; };
		396C8EA91CDAAF24004AD32D /* AKTeamsListTableViewCell.h */ = {isa = PBXFileReference; fileEncoding = 4; lastKnownFileType = sourcecode.c.h; path = AKTeamsListTableViewCell.h; sourceTree = "<group>"; };
		396C8EAA1CDAAF24004AD32D /* AKTeamsListTableViewCell.m */ = {isa = PBXFileReference; fileEncoding = 4; lastKnownFileType = sourcecode.c.objc; path = AKTeamsListTableViewCell.m; sourceTree = "<group>"; };
		396C8EAD1CDAAF69004AD32D /* AKTeamsListTableViewCell.xib */ = {isa = PBXFileReference; fileEncoding = 4; lastKnownFileType = file.xib; path = AKTeamsListTableViewCell.xib; sourceTree = "<group>"; };
		398194651F7776C4007E2FB4 /* GoogleService-Info.plist */ = {isa = PBXFileReference; lastKnownFileType = text.plist.xml; path = "GoogleService-Info.plist"; sourceTree = "<group>"; };
		398194671F777925007E2FB4 /* Crashlytics.framework */ = {isa = PBXFileReference; lastKnownFileType = wrapper.framework; path = Crashlytics.framework; sourceTree = "<group>"; };
		398194681F777925007E2FB4 /* Fabric.framework */ = {isa = PBXFileReference; lastKnownFileType = wrapper.framework; path = Fabric.framework; sourceTree = "<group>"; };
		3981946D1F788FA9007E2FB4 /* RealmSwift.framework */ = {isa = PBXFileReference; lastKnownFileType = wrapper.framework; name = RealmSwift.framework; path = Carthage/Build/iOS/RealmSwift.framework; sourceTree = SOURCE_ROOT; };
		3981946E1F788FAA007E2FB4 /* Realm.framework */ = {isa = PBXFileReference; lastKnownFileType = wrapper.framework; name = Realm.framework; path = Carthage/Build/iOS/Realm.framework; sourceTree = SOURCE_ROOT; };
		398194781F7B4CDA007E2FB4 /* Cartfile */ = {isa = PBXFileReference; lastKnownFileType = text; path = Cartfile; sourceTree = SOURCE_ROOT; };
		398194791F7B4CE1007E2FB4 /* Podfile */ = {isa = PBXFileReference; lastKnownFileType = text; path = Podfile; sourceTree = SOURCE_ROOT; xcLanguageSpecificationIdentifier = xcode.lang.ruby; };
		3981947A1F7B4F40007E2FB4 /* SwiftDate.framework */ = {isa = PBXFileReference; lastKnownFileType = wrapper.framework; name = SwiftDate.framework; path = Carthage/Build/iOS/SwiftDate.framework; sourceTree = SOURCE_ROOT; };
		3981947D1F7B6314007E2FB4 /* Hockey Data-Bridging-Header.h */ = {isa = PBXFileReference; lastKnownFileType = sourcecode.c.h; path = "Hockey Data-Bridging-Header.h"; sourceTree = "<group>"; };
		3981947E1F7B6314007E2FB4 /* AppDelegate.swift */ = {isa = PBXFileReference; lastKnownFileType = sourcecode.swift; path = AppDelegate.swift; sourceTree = "<group>"; };
		398194801F7B6533007E2FB4 /* TinyConstraints.framework */ = {isa = PBXFileReference; lastKnownFileType = wrapper.framework; name = TinyConstraints.framework; path = Carthage/Build/iOS/TinyConstraints.framework; sourceTree = SOURCE_ROOT; };
		398194831F7CA4E7007E2FB4 /* Alamofire.framework */ = {isa = PBXFileReference; lastKnownFileType = wrapper.framework; name = Alamofire.framework; path = Carthage/Build/iOS/Alamofire.framework; sourceTree = SOURCE_ROOT; };
		398194841F7CA4EF007E2FB4 /* ObjectMapper.framework */ = {isa = PBXFileReference; lastKnownFileType = wrapper.framework; name = ObjectMapper.framework; path = Carthage/Build/iOS/ObjectMapper.framework; sourceTree = SOURCE_ROOT; };
		398194891F7CA6CB007E2FB4 /* Team.swift */ = {isa = PBXFileReference; lastKnownFileType = sourcecode.swift; path = Team.swift; sourceTree = "<group>"; };
		3981948C1F7CAB82007E2FB4 /* SeasonFetcher.swift */ = {isa = PBXFileReference; lastKnownFileType = sourcecode.swift; path = SeasonFetcher.swift; sourceTree = "<group>"; };
		3981948F1F7CB56F007E2FB4 /* AlamofireObjectMapper.framework */ = {isa = PBXFileReference; lastKnownFileType = wrapper.framework; name = AlamofireObjectMapper.framework; path = Carthage/Build/iOS/AlamofireObjectMapper.framework; sourceTree = SOURCE_ROOT; };
		398194921F7CB604007E2FB4 /* Game.swift */ = {isa = PBXFileReference; lastKnownFileType = sourcecode.swift; path = Game.swift; sourceTree = "<group>"; };
		398194951F81A739007E2FB4 /* RemoteConfig.swift */ = {isa = PBXFileReference; lastKnownFileType = sourcecode.swift; path = RemoteConfig.swift; sourceTree = "<group>"; };
		398194981F82070B007E2FB4 /* Tracker.swift */ = {isa = PBXFileReference; lastKnownFileType = sourcecode.swift; path = Tracker.swift; sourceTree = "<group>"; };
		39BC83531DE51EDA00A106A2 /* AKTeamCupsTableViewCell.h */ = {isa = PBXFileReference; fileEncoding = 4; lastKnownFileType = sourcecode.c.h; path = AKTeamCupsTableViewCell.h; sourceTree = "<group>"; };
		39BC83541DE51EDA00A106A2 /* AKTeamCupsTableViewCell.m */ = {isa = PBXFileReference; fileEncoding = 4; lastKnownFileType = sourcecode.c.objc; path = AKTeamCupsTableViewCell.m; sourceTree = "<group>"; };
		39BC83551DE51EDA00A106A2 /* AKTeamCupsTableViewCell.xib */ = {isa = PBXFileReference; fileEncoding = 4; lastKnownFileType = file.xib; path = AKTeamCupsTableViewCell.xib; sourceTree = "<group>"; };
		39BC83581DE51F0600A106A2 /* AKTeamColorsTableViewCell.h */ = {isa = PBXFileReference; fileEncoding = 4; lastKnownFileType = sourcecode.c.h; path = AKTeamColorsTableViewCell.h; sourceTree = "<group>"; };
		39BC83591DE51F0600A106A2 /* AKTeamColorsTableViewCell.m */ = {isa = PBXFileReference; fileEncoding = 4; lastKnownFileType = sourcecode.c.objc; path = AKTeamColorsTableViewCell.m; sourceTree = "<group>"; };
		39BC835A1DE51F0600A106A2 /* AKTeamColorsTableViewCell.xib */ = {isa = PBXFileReference; fileEncoding = 4; lastKnownFileType = file.xib; path = AKTeamColorsTableViewCell.xib; sourceTree = "<group>"; };
		39BC835D1DE52BB800A106A2 /* UIColor+Hex.h */ = {isa = PBXFileReference; fileEncoding = 4; lastKnownFileType = sourcecode.c.h; path = "UIColor+Hex.h"; sourceTree = "<group>"; };
		39BC835E1DE52BB800A106A2 /* UIColor+Hex.m */ = {isa = PBXFileReference; fileEncoding = 4; lastKnownFileType = sourcecode.c.objc; path = "UIColor+Hex.m"; sourceTree = "<group>"; };
		39C14EB51E36CBC3009CE1A0 /* HDTeamSeasonFetcher.h */ = {isa = PBXFileReference; fileEncoding = 4; lastKnownFileType = sourcecode.c.h; path = HDTeamSeasonFetcher.h; sourceTree = "<group>"; };
		39C14EB61E36CBC3009CE1A0 /* HDTeamSeasonFetcher.m */ = {isa = PBXFileReference; fileEncoding = 4; lastKnownFileType = sourcecode.c.objc; path = HDTeamSeasonFetcher.m; sourceTree = "<group>"; };
		39C14EBA1E36E860009CE1A0 /* HDRegularSeasonHistoryTableViewController.h */ = {isa = PBXFileReference; fileEncoding = 4; lastKnownFileType = sourcecode.c.h; path = HDRegularSeasonHistoryTableViewController.h; sourceTree = "<group>"; };
		39C14EBB1E36E860009CE1A0 /* HDRegularSeasonHistoryTableViewController.m */ = {isa = PBXFileReference; fileEncoding = 4; lastKnownFileType = sourcecode.c.objc; path = HDRegularSeasonHistoryTableViewController.m; sourceTree = "<group>"; };
		39C14EBC1E36E860009CE1A0 /* HDRegularSeasonHistoryTableViewController.xib */ = {isa = PBXFileReference; fileEncoding = 4; lastKnownFileType = file.xib; path = HDRegularSeasonHistoryTableViewController.xib; sourceTree = "<group>"; };
		39C14EC01E36EA4C009CE1A0 /* HDRegularSeasonTableViewCell.h */ = {isa = PBXFileReference; fileEncoding = 4; lastKnownFileType = sourcecode.c.h; path = HDRegularSeasonTableViewCell.h; sourceTree = "<group>"; };
		39C14EC11E36EA4C009CE1A0 /* HDRegularSeasonTableViewCell.m */ = {isa = PBXFileReference; fileEncoding = 4; lastKnownFileType = sourcecode.c.objc; path = HDRegularSeasonTableViewCell.m; sourceTree = "<group>"; };
		39C14EC21E36EA4C009CE1A0 /* HDRegularSeasonTableViewCell.xib */ = {isa = PBXFileReference; fileEncoding = 4; lastKnownFileType = file.xib; path = HDRegularSeasonTableViewCell.xib; sourceTree = "<group>"; };
		39C14EC51E372D1A009CE1A0 /* HDRegularSeasonSectionHeaderView.xib */ = {isa = PBXFileReference; fileEncoding = 4; lastKnownFileType = file.xib; path = HDRegularSeasonSectionHeaderView.xib; sourceTree = "<group>"; };
		39D610201DDE724E0098BB61 /* AKTeamGeneralInfoTableViewCell.h */ = {isa = PBXFileReference; fileEncoding = 4; lastKnownFileType = sourcecode.c.h; path = AKTeamGeneralInfoTableViewCell.h; sourceTree = "<group>"; };
		39D610211DDE724E0098BB61 /* AKTeamGeneralInfoTableViewCell.m */ = {isa = PBXFileReference; fileEncoding = 4; lastKnownFileType = sourcecode.c.objc; path = AKTeamGeneralInfoTableViewCell.m; sourceTree = "<group>"; };
		39D610221DDE724E0098BB61 /* AKTeamGeneralInfoTableViewCell.xib */ = {isa = PBXFileReference; fileEncoding = 4; lastKnownFileType = file.xib; path = AKTeamGeneralInfoTableViewCell.xib; sourceTree = "<group>"; };
		39D610251DDE73CA0098BB61 /* AKTeamTableViewController.h */ = {isa = PBXFileReference; fileEncoding = 4; lastKnownFileType = sourcecode.c.h; path = AKTeamTableViewController.h; sourceTree = "<group>"; };
		39D610261DDE73CA0098BB61 /* AKTeamTableViewController.m */ = {isa = PBXFileReference; fileEncoding = 4; lastKnownFileType = sourcecode.c.objc; path = AKTeamTableViewController.m; sourceTree = "<group>"; };
		39D610271DDE73CA0098BB61 /* AKTeamTableViewController.xib */ = {isa = PBXFileReference; fileEncoding = 4; lastKnownFileType = file.xib; path = AKTeamTableViewController.xib; sourceTree = "<group>"; };
		39D6102A1DDE7B060098BB61 /* AKTeamVenueTableViewCell.h */ = {isa = PBXFileReference; fileEncoding = 4; lastKnownFileType = sourcecode.c.h; path = AKTeamVenueTableViewCell.h; sourceTree = "<group>"; };
		39D6102B1DDE7B060098BB61 /* AKTeamVenueTableViewCell.m */ = {isa = PBXFileReference; fileEncoding = 4; lastKnownFileType = sourcecode.c.objc; path = AKTeamVenueTableViewCell.m; sourceTree = "<group>"; };
		39D6102C1DDE7B060098BB61 /* AKTeamVenueTableViewCell.xib */ = {isa = PBXFileReference; fileEncoding = 4; lastKnownFileType = file.xib; path = AKTeamVenueTableViewCell.xib; sourceTree = "<group>"; };
		39D610301DDE82260098BB61 /* AKRosterTableViewController.h */ = {isa = PBXFileReference; fileEncoding = 4; lastKnownFileType = sourcecode.c.h; path = AKRosterTableViewController.h; sourceTree = "<group>"; };
		39D610311DDE82260098BB61 /* AKRosterTableViewController.m */ = {isa = PBXFileReference; fileEncoding = 4; lastKnownFileType = sourcecode.c.objc; path = AKRosterTableViewController.m; sourceTree = "<group>"; };
		39D610321DDE82260098BB61 /* AKRosterTableViewController.xib */ = {isa = PBXFileReference; fileEncoding = 4; lastKnownFileType = file.xib; path = AKRosterTableViewController.xib; sourceTree = "<group>"; };
		39D610361DDE82FA0098BB61 /* AKRosterTableViewCell.h */ = {isa = PBXFileReference; fileEncoding = 4; lastKnownFileType = sourcecode.c.h; path = AKRosterTableViewCell.h; sourceTree = "<group>"; };
		39D610371DDE82FA0098BB61 /* AKRosterTableViewCell.m */ = {isa = PBXFileReference; fileEncoding = 4; lastKnownFileType = sourcecode.c.objc; path = AKRosterTableViewCell.m; sourceTree = "<group>"; };
		39D610381DDE82FA0098BB61 /* AKRosterTableViewCell.xib */ = {isa = PBXFileReference; fileEncoding = 4; lastKnownFileType = file.xib; path = AKRosterTableViewCell.xib; sourceTree = "<group>"; };
		39D6103B1DDE9E9F0098BB61 /* AKTeamTableViewCell.h */ = {isa = PBXFileReference; fileEncoding = 4; lastKnownFileType = sourcecode.c.h; path = AKTeamTableViewCell.h; sourceTree = "<group>"; };
		39D6103C1DDE9E9F0098BB61 /* AKTeamTableViewCell.m */ = {isa = PBXFileReference; fileEncoding = 4; lastKnownFileType = sourcecode.c.objc; path = AKTeamTableViewCell.m; sourceTree = "<group>"; };
		5486C23954C57671CD8D54D2 /* Pods-HockeyData.release.xcconfig */ = {isa = PBXFileReference; includeInIndex = 1; lastKnownFileType = text.xcconfig; name = "Pods-HockeyData.release.xcconfig"; path = "Pods/Target Support Files/Pods-HockeyData/Pods-HockeyData.release.xcconfig"; sourceTree = "<group>"; };
		6A1CA2974F8D49B25AE53141 /* libPods-HockeyData.a */ = {isa = PBXFileReference; explicitFileType = archive.ar; includeInIndex = 0; path = "libPods-HockeyData.a"; sourceTree = BUILT_PRODUCTS_DIR; };
		E5789936F49AC3B7941430EE /* Pods-Hockey Data.release.xcconfig */ = {isa = PBXFileReference; includeInIndex = 1; lastKnownFileType = text.xcconfig; name = "Pods-Hockey Data.release.xcconfig"; path = "Pods/Target Support Files/Pods-Hockey Data/Pods-Hockey Data.release.xcconfig"; sourceTree = "<group>"; };
/* End PBXFileReference section */

/* Begin PBXFrameworksBuildPhase section */
		396C8E7A1CDA7D20004AD32D /* Frameworks */ = {
			isa = PBXFrameworksBuildPhase;
			buildActionMask = 2147483647;
			files = (
				3981946F1F7890F3007E2FB4 /* Realm.framework in Frameworks */,
				398194721F7890F7007E2FB4 /* RealmSwift.framework in Frameworks */,
				398194851F7CA4FE007E2FB4 /* ObjectMapper.framework in Frameworks */,
				3981947B1F7B4F6E007E2FB4 /* SwiftDate.framework in Frameworks */,
				3981946B1F777B47007E2FB4 /* Crashlytics.framework in Frameworks */,
				3981946A1F777B44007E2FB4 /* Fabric.framework in Frameworks */,
				398194901F7CB57D007E2FB4 /* AlamofireObjectMapper.framework in Frameworks */,
				398194871F7CA502007E2FB4 /* Alamofire.framework in Frameworks */,
				398194811F7B6555007E2FB4 /* TinyConstraints.framework in Frameworks */,
				398194741F789104007E2FB4 /* Fabric.framework in Frameworks */,
				398194761F789108007E2FB4 /* Crashlytics.framework in Frameworks */,
				72D657343B93FE3225021F67 /* libPods-HockeyData.a in Frameworks */,
			);
			runOnlyForDeploymentPostprocessing = 0;
		};
/* End PBXFrameworksBuildPhase section */

/* Begin PBXGroup section */
		39021AC71DCCFE0F00486657 /* Category */ = {
			isa = PBXGroup;
			children = (
				39021AD11DCD000B00486657 /* UIImageView+Remote.h */,
				39021AD21DCD000B00486657 /* UIImageView+Remote.m */,
				39BC835D1DE52BB800A106A2 /* UIColor+Hex.h */,
				39BC835E1DE52BB800A106A2 /* UIColor+Hex.m */,
			);
			name = Category;
			sourceTree = "<group>";
		};
		3924FBD51F943436002C48B2 /* API */ = {
			isa = PBXGroup;
			children = (
				3924FBD61F943496002C48B2 /* Season.swift */,
			);
			name = API;
			sourceTree = "<group>";
		};
		3924FBD81F94438A002C48B2 /* My Sports Feeds */ = {
			isa = PBXGroup;
			children = (
				3924FBD91F94439C002C48B2 /* MSFTeamID.swift */,
			);
			name = "My Sports Feeds";
			sourceTree = "<group>";
		};
		396C8E741CDA7D20004AD32D = {
			isa = PBXGroup;
			children = (
				396C8E7F1CDA7D20004AD32D /* Hockey Data */,
				396C8E7E1CDA7D20004AD32D /* Products */,
				9483D99B897EC2307191C6AA /* Pods */,
				F756B8F3EC68C30C482613D9 /* Frameworks */,
			);
			sourceTree = "<group>";
		};
		396C8E7E1CDA7D20004AD32D /* Products */ = {
			isa = PBXGroup;
			children = (
				396C8E7D1CDA7D20004AD32D /* HockeyData.app */,
			);
			name = Products;
			sourceTree = "<group>";
		};
		396C8E7F1CDA7D20004AD32D /* Hockey Data */ = {
			isa = PBXGroup;
			children = (
				3924FBD81F94438A002C48B2 /* My Sports Feeds */,
				398194971F8206F9007E2FB4 /* Tracking */,
				398194941F81A724007E2FB4 /* Remote Config */,
				3981947E1F7B6314007E2FB4 /* AppDelegate.swift */,
				396C8E8C1CDA7D20004AD32D /* Assets.xcassets */,
				396C8E8E1CDA7D20004AD32D /* LaunchScreen.storyboard */,
				39C14EB81E36E706009CE1A0 /* Past Seasons */,
				3924FBD51F943436002C48B2 /* API */,
				3981948B1F7CAB60007E2FB4 /* Alamofire */,
				399B64EF1E36BD4300E6BC2F /* Realm */,
				39D6102F1DDE82090098BB61 /* Roster View */,
				396C8EB31CDABA96004AD32D /* Single Team View */,
				396C8EAC1CDAAF30004AD32D /* Teams View */,
				396C8E9F1CDA8B2A004AD32D /* Utilities */,
				39021AC71DCCFE0F00486657 /* Category */,
				396C8E971CDA879A004AD32D /* Resources */,
				396C8E801CDA7D20004AD32D /* Supporting Files */,
				3981947D1F7B6314007E2FB4 /* Hockey Data-Bridging-Header.h */,
			);
			path = "Hockey Data";
			sourceTree = "<group>";
		};
		396C8E801CDA7D20004AD32D /* Supporting Files */ = {
			isa = PBXGroup;
			children = (
				396C8E911CDA7D20004AD32D /* Info.plist */,
				398194651F7776C4007E2FB4 /* GoogleService-Info.plist */,
				398194781F7B4CDA007E2FB4 /* Cartfile */,
				398194791F7B4CE1007E2FB4 /* Podfile */,
			);
			name = "Supporting Files";
			sourceTree = "<group>";
		};
		396C8E971CDA879A004AD32D /* Resources */ = {
			isa = PBXGroup;
			children = (
				396C8E981CDA87CB004AD32D /* Logos.xcassets */,
			);
			name = Resources;
			sourceTree = "<group>";
		};
		396C8E9F1CDA8B2A004AD32D /* Utilities */ = {
			isa = PBXGroup;
			children = (
				396C8EA61CDA91CB004AD32D /* Constants.h */,
				396C8EA71CDA91CB004AD32D /* Constants.m */,
			);
			name = Utilities;
			sourceTree = "<group>";
		};
		396C8EAC1CDAAF30004AD32D /* Teams View */ = {
			isa = PBXGroup;
			children = (
				396C8E9A1CDA8AEB004AD32D /* AKTeamsListViewController.h */,
				396C8E9B1CDA8AEB004AD32D /* AKTeamsListViewController.m */,
				396C8E9C1CDA8AEB004AD32D /* AKTeamsListViewController.xib */,
				396C8EA91CDAAF24004AD32D /* AKTeamsListTableViewCell.h */,
				396C8EAA1CDAAF24004AD32D /* AKTeamsListTableViewCell.m */,
				396C8EAD1CDAAF69004AD32D /* AKTeamsListTableViewCell.xib */,
			);
			name = "Teams View";
			sourceTree = "<group>";
		};
		396C8EB31CDABA96004AD32D /* Single Team View */ = {
			isa = PBXGroup;
			children = (
				39F5CF351DD8352E00AA5DDB /* Cells */,
				39D610251DDE73CA0098BB61 /* AKTeamTableViewController.h */,
				39D610261DDE73CA0098BB61 /* AKTeamTableViewController.m */,
				39D610271DDE73CA0098BB61 /* AKTeamTableViewController.xib */,
			);
			name = "Single Team View";
			sourceTree = "<group>";
		};
		3981948B1F7CAB60007E2FB4 /* Alamofire */ = {
			isa = PBXGroup;
			children = (
				3981948C1F7CAB82007E2FB4 /* SeasonFetcher.swift */,
			);
			name = Alamofire;
			sourceTree = "<group>";
		};
		398194941F81A724007E2FB4 /* Remote Config */ = {
			isa = PBXGroup;
			children = (
				398194951F81A739007E2FB4 /* RemoteConfig.swift */,
			);
			name = "Remote Config";
			sourceTree = "<group>";
		};
		398194971F8206F9007E2FB4 /* Tracking */ = {
			isa = PBXGroup;
			children = (
				398194981F82070B007E2FB4 /* Tracker.swift */,
			);
			name = Tracking;
			sourceTree = "<group>";
		};
		399B64EF1E36BD4300E6BC2F /* Realm */ = {
			isa = PBXGroup;
			children = (
				39C14EB51E36CBC3009CE1A0 /* HDTeamSeasonFetcher.h */,
				39C14EB61E36CBC3009CE1A0 /* HDTeamSeasonFetcher.m */,
				398194891F7CA6CB007E2FB4 /* Team.swift */,
				398194921F7CB604007E2FB4 /* Game.swift */,
			);
			name = Realm;
			sourceTree = "<group>";
		};
		39C14EB81E36E706009CE1A0 /* Past Seasons */ = {
			isa = PBXGroup;
			children = (
				39C14EB91E36E719009CE1A0 /* Regular Season */,
			);
			name = "Past Seasons";
			sourceTree = "<group>";
		};
		39C14EB91E36E719009CE1A0 /* Regular Season */ = {
			isa = PBXGroup;
			children = (
				39C14EBF1E36EA33009CE1A0 /* Cells */,
				39C14EBA1E36E860009CE1A0 /* HDRegularSeasonHistoryTableViewController.h */,
				39C14EBB1E36E860009CE1A0 /* HDRegularSeasonHistoryTableViewController.m */,
				39C14EBC1E36E860009CE1A0 /* HDRegularSeasonHistoryTableViewController.xib */,
				39C14EC51E372D1A009CE1A0 /* HDRegularSeasonSectionHeaderView.xib */,
			);
			name = "Regular Season";
			sourceTree = "<group>";
		};
		39C14EBF1E36EA33009CE1A0 /* Cells */ = {
			isa = PBXGroup;
			children = (
				39C14EC01E36EA4C009CE1A0 /* HDRegularSeasonTableViewCell.h */,
				39C14EC11E36EA4C009CE1A0 /* HDRegularSeasonTableViewCell.m */,
				39C14EC21E36EA4C009CE1A0 /* HDRegularSeasonTableViewCell.xib */,
				39195C7D1F945FCD00C81E6A /* RegularSeasonHistoryCell.swift */,
			);
			name = Cells;
			sourceTree = "<group>";
		};
		39D6102F1DDE82090098BB61 /* Roster View */ = {
			isa = PBXGroup;
			children = (
				39D610351DDE82E10098BB61 /* Cells */,
				39D610301DDE82260098BB61 /* AKRosterTableViewController.h */,
				39D610311DDE82260098BB61 /* AKRosterTableViewController.m */,
				39D610321DDE82260098BB61 /* AKRosterTableViewController.xib */,
			);
			name = "Roster View";
			sourceTree = "<group>";
		};
		39D610351DDE82E10098BB61 /* Cells */ = {
			isa = PBXGroup;
			children = (
				39D610361DDE82FA0098BB61 /* AKRosterTableViewCell.h */,
				39D610371DDE82FA0098BB61 /* AKRosterTableViewCell.m */,
				39D610381DDE82FA0098BB61 /* AKRosterTableViewCell.xib */,
			);
			name = Cells;
			sourceTree = "<group>";
		};
		39F5CF351DD8352E00AA5DDB /* Cells */ = {
			isa = PBXGroup;
			children = (
				39D6103B1DDE9E9F0098BB61 /* AKTeamTableViewCell.h */,
				39D6103C1DDE9E9F0098BB61 /* AKTeamTableViewCell.m */,
				39D610201DDE724E0098BB61 /* AKTeamGeneralInfoTableViewCell.h */,
				39D610211DDE724E0098BB61 /* AKTeamGeneralInfoTableViewCell.m */,
				39D610221DDE724E0098BB61 /* AKTeamGeneralInfoTableViewCell.xib */,
				39D6102A1DDE7B060098BB61 /* AKTeamVenueTableViewCell.h */,
				39D6102B1DDE7B060098BB61 /* AKTeamVenueTableViewCell.m */,
				39D6102C1DDE7B060098BB61 /* AKTeamVenueTableViewCell.xib */,
				39BC83531DE51EDA00A106A2 /* AKTeamCupsTableViewCell.h */,
				39BC83541DE51EDA00A106A2 /* AKTeamCupsTableViewCell.m */,
				39BC83551DE51EDA00A106A2 /* AKTeamCupsTableViewCell.xib */,
				39BC83581DE51F0600A106A2 /* AKTeamColorsTableViewCell.h */,
				39BC83591DE51F0600A106A2 /* AKTeamColorsTableViewCell.m */,
				39BC835A1DE51F0600A106A2 /* AKTeamColorsTableViewCell.xib */,
			);
			name = Cells;
			sourceTree = "<group>";
		};
		9483D99B897EC2307191C6AA /* Pods */ = {
			isa = PBXGroup;
			children = (
				20C0473606AC4CFFAEC4A5FE /* Pods-Hockey Data.debug.xcconfig */,
				E5789936F49AC3B7941430EE /* Pods-Hockey Data.release.xcconfig */,
				2A44BE39314E2F757E7E46EA /* Pods-HockeyData.debug.xcconfig */,
				5486C23954C57671CD8D54D2 /* Pods-HockeyData.release.xcconfig */,
			);
			name = Pods;
			sourceTree = "<group>";
		};
		F756B8F3EC68C30C482613D9 /* Frameworks */ = {
			isa = PBXGroup;
			children = (
				3981948F1F7CB56F007E2FB4 /* AlamofireObjectMapper.framework */,
				398194841F7CA4EF007E2FB4 /* ObjectMapper.framework */,
				398194831F7CA4E7007E2FB4 /* Alamofire.framework */,
				398194801F7B6533007E2FB4 /* TinyConstraints.framework */,
				3981947A1F7B4F40007E2FB4 /* SwiftDate.framework */,
				3981946E1F788FAA007E2FB4 /* Realm.framework */,
				3981946D1F788FA9007E2FB4 /* RealmSwift.framework */,
				398194671F777925007E2FB4 /* Crashlytics.framework */,
				398194681F777925007E2FB4 /* Fabric.framework */,
				6A1CA2974F8D49B25AE53141 /* libPods-HockeyData.a */,
			);
			path = Frameworks;
			sourceTree = "<group>";
		};
/* End PBXGroup section */

/* Begin PBXNativeTarget section */
		396C8E7C1CDA7D20004AD32D /* HockeyData */ = {
			isa = PBXNativeTarget;
			buildConfigurationList = 396C8E941CDA7D20004AD32D /* Build configuration list for PBXNativeTarget "HockeyData" */;
			buildPhases = (
				CFD468C7B5D2E0892AD300A2 /* [CP] Check Pods Manifest.lock */,
				396C8E791CDA7D20004AD32D /* Sources */,
				396C8E7A1CDA7D20004AD32D /* Frameworks */,
				396C8E7B1CDA7D20004AD32D /* Resources */,
				2CFB9F64B2D05C99238D1B4B /* [CP] Embed Pods Frameworks */,
				3981946C1F788F65007E2FB4 /* Copy Carthage Frameworks */,
				3009EB45243CAB070BC610AB /* [CP] Copy Pods Resources */,
				398194711F7890F3007E2FB4 /* Embed Frameworks */,
			);
			buildRules = (
			);
			dependencies = (
			);
			name = HockeyData;
			productName = "Hockey Data";
			productReference = 396C8E7D1CDA7D20004AD32D /* HockeyData.app */;
			productType = "com.apple.product-type.application";
		};
/* End PBXNativeTarget section */

/* Begin PBXProject section */
		396C8E751CDA7D20004AD32D /* Project object */ = {
			isa = PBXProject;
			attributes = {
				LastUpgradeCheck = 0900;
				ORGANIZATIONNAME = "Alex King";
				TargetAttributes = {
					396C8E7C1CDA7D20004AD32D = {
						CreatedOnToolsVersion = 7.3.1;
						DevelopmentTeam = DUYQ44RPLQ;
						LastSwiftMigration = 0900;
					};
				};
			};
			buildConfigurationList = 396C8E781CDA7D20004AD32D /* Build configuration list for PBXProject "HockeyData" */;
			compatibilityVersion = "Xcode 3.2";
			developmentRegion = English;
			hasScannedForEncodings = 0;
			knownRegions = (
				en,
				Base,
			);
			mainGroup = 396C8E741CDA7D20004AD32D;
			productRefGroup = 396C8E7E1CDA7D20004AD32D /* Products */;
			projectDirPath = "";
			projectRoot = "";
			targets = (
				396C8E7C1CDA7D20004AD32D /* HockeyData */,
			);
		};
/* End PBXProject section */

/* Begin PBXResourcesBuildPhase section */
		396C8E7B1CDA7D20004AD32D /* Resources */ = {
			isa = PBXResourcesBuildPhase;
			buildActionMask = 2147483647;
			files = (
				39D610291DDE73CA0098BB61 /* AKTeamTableViewController.xib in Resources */,
				39BC83571DE51EDA00A106A2 /* AKTeamCupsTableViewCell.xib in Resources */,
				39C14EC41E36EA4C009CE1A0 /* HDRegularSeasonTableViewCell.xib in Resources */,
				39D610241DDE724E0098BB61 /* AKTeamGeneralInfoTableViewCell.xib in Resources */,
				39D6102E1DDE7B060098BB61 /* AKTeamVenueTableViewCell.xib in Resources */,
				39C14EBE1E36E860009CE1A0 /* HDRegularSeasonHistoryTableViewController.xib in Resources */,
				39C14EC61E372D1A009CE1A0 /* HDRegularSeasonSectionHeaderView.xib in Resources */,
				396C8EAE1CDAAF69004AD32D /* AKTeamsListTableViewCell.xib in Resources */,
				39D610341DDE82260098BB61 /* AKRosterTableViewController.xib in Resources */,
				398194691F7779BB007E2FB4 /* GoogleService-Info.plist in Resources */,
				39BC835C1DE51F0600A106A2 /* AKTeamColorsTableViewCell.xib in Resources */,
				396C8E901CDA7D20004AD32D /* LaunchScreen.storyboard in Resources */,
				396C8E8D1CDA7D20004AD32D /* Assets.xcassets in Resources */,
				396C8E991CDA87CB004AD32D /* Logos.xcassets in Resources */,
				396C8E9E1CDA8AEB004AD32D /* AKTeamsListViewController.xib in Resources */,
				39D6103A1DDE82FA0098BB61 /* AKRosterTableViewCell.xib in Resources */,
			);
			runOnlyForDeploymentPostprocessing = 0;
		};
/* End PBXResourcesBuildPhase section */

/* Begin PBXShellScriptBuildPhase section */
		2CFB9F64B2D05C99238D1B4B /* [CP] Embed Pods Frameworks */ = {
			isa = PBXShellScriptBuildPhase;
			buildActionMask = 2147483647;
			files = (
			);
			inputPaths = (
			);
			name = "[CP] Embed Pods Frameworks";
			outputPaths = (
			);
			runOnlyForDeploymentPostprocessing = 0;
			shellPath = /bin/sh;
			shellScript = "\"${SRCROOT}/Pods/Target Support Files/Pods-HockeyData/Pods-HockeyData-frameworks.sh\"\n";
			showEnvVarsInLog = 0;
		};
		3009EB45243CAB070BC610AB /* [CP] Copy Pods Resources */ = {
			isa = PBXShellScriptBuildPhase;
			buildActionMask = 2147483647;
			files = (
			);
			inputPaths = (
			);
			name = "[CP] Copy Pods Resources";
			outputPaths = (
			);
			runOnlyForDeploymentPostprocessing = 0;
			shellPath = /bin/sh;
			shellScript = "\"${SRCROOT}/Pods/Target Support Files/Pods-HockeyData/Pods-HockeyData-resources.sh\"\n";
			showEnvVarsInLog = 0;
		};
		3981946C1F788F65007E2FB4 /* Copy Carthage Frameworks */ = {
			isa = PBXShellScriptBuildPhase;
			buildActionMask = 2147483647;
			files = (
			);
			inputPaths = (
				"$(SRCROOT)/Carthage/Build/iOS/Realm.framework",
				"$(SRCROOT)/Carthage/Build/iOS/RealmSwift.framework",
				"$(SRCROOT)/Carthage/Build/iOS/SwiftDate.framework",
				"$(SRCROOT)/Carthage/Build/iOS/TinyConstraints.framework",
				"$(SRCROOT)/Carthage/Build/iOS/Alamofire.framework",
				"$(SRCROOT)/Carthage/Build/iOS/ObjectMapper.framework",
				"$(SRCROOT)/Carthage/Build/iOS/AlamofireObjectMapper.framework",
			);
			name = "Copy Carthage Frameworks";
			outputPaths = (
			);
			runOnlyForDeploymentPostprocessing = 0;
			shellPath = /bin/sh;
			shellScript = "/usr/local/bin/carthage copy-frameworks";
		};
		CFD468C7B5D2E0892AD300A2 /* [CP] Check Pods Manifest.lock */ = {
			isa = PBXShellScriptBuildPhase;
			buildActionMask = 2147483647;
			files = (
			);
			inputPaths = (
				"${PODS_PODFILE_DIR_PATH}/Podfile.lock",
				"${PODS_ROOT}/Manifest.lock",
			);
			name = "[CP] Check Pods Manifest.lock";
			outputPaths = (
				"$(DERIVED_FILE_DIR)/Pods-HockeyData-checkManifestLockResult.txt",
			);
			runOnlyForDeploymentPostprocessing = 0;
			shellPath = /bin/sh;
			shellScript = "diff \"${PODS_PODFILE_DIR_PATH}/Podfile.lock\" \"${PODS_ROOT}/Manifest.lock\" > /dev/null\nif [ $? != 0 ] ; then\n    # print error to STDERR\n    echo \"error: The sandbox is not in sync with the Podfile.lock. Run 'pod install' or update your CocoaPods installation.\" >&2\n    exit 1\nfi\n# This output is used by Xcode 'outputs' to avoid re-running this script phase.\necho \"SUCCESS\" > \"${SCRIPT_OUTPUT_FILE_0}\"\n";
			showEnvVarsInLog = 0;
		};
/* End PBXShellScriptBuildPhase section */

/* Begin PBXSourcesBuildPhase section */
		396C8E791CDA7D20004AD32D /* Sources */ = {
			isa = PBXSourcesBuildPhase;
			buildActionMask = 2147483647;
			files = (
				3981948A1F7CA6CB007E2FB4 /* Team.swift in Sources */,
				3981948D1F7CAB82007E2FB4 /* SeasonFetcher.swift in Sources */,
				39C14EBD1E36E860009CE1A0 /* HDRegularSeasonHistoryTableViewController.m in Sources */,
				39D610391DDE82FA0098BB61 /* AKRosterTableViewCell.m in Sources */,
				396C8EA81CDA91CB004AD32D /* Constants.m in Sources */,
				39BC835B1DE51F0600A106A2 /* AKTeamColorsTableViewCell.m in Sources */,
				398194991F82070B007E2FB4 /* Tracker.swift in Sources */,
				39D610331DDE82260098BB61 /* AKRosterTableViewController.m in Sources */,
				39BC835F1DE52BB800A106A2 /* UIColor+Hex.m in Sources */,
				3981947F1F7B6314007E2FB4 /* AppDelegate.swift in Sources */,
				39D6103D1DDE9E9F0098BB61 /* AKTeamTableViewCell.m in Sources */,
				396C8EAB1CDAAF24004AD32D /* AKTeamsListTableViewCell.m in Sources */,
				3924FBDA1F94439C002C48B2 /* MSFTeamID.swift in Sources */,
				398194931F7CB604007E2FB4 /* Game.swift in Sources */,
				39195C7E1F945FCD00C81E6A /* RegularSeasonHistoryCell.swift in Sources */,
				396C8E9D1CDA8AEB004AD32D /* AKTeamsListViewController.m in Sources */,
				398194961F81A739007E2FB4 /* RemoteConfig.swift in Sources */,
				3924FBD71F943496002C48B2 /* Season.swift in Sources */,
				39D6102D1DDE7B060098BB61 /* AKTeamVenueTableViewCell.m in Sources */,
				39D610281DDE73CA0098BB61 /* AKTeamTableViewController.m in Sources */,
				39C14EC31E36EA4C009CE1A0 /* HDRegularSeasonTableViewCell.m in Sources */,
				39D610231DDE724E0098BB61 /* AKTeamGeneralInfoTableViewCell.m in Sources */,
				39021AD31DCD000B00486657 /* UIImageView+Remote.m in Sources */,
				39BC83561DE51EDA00A106A2 /* AKTeamCupsTableViewCell.m in Sources */,
				39C14EB71E36CBC3009CE1A0 /* HDTeamSeasonFetcher.m in Sources */,
			);
			runOnlyForDeploymentPostprocessing = 0;
		};
/* End PBXSourcesBuildPhase section */

/* Begin PBXVariantGroup section */
		396C8E8E1CDA7D20004AD32D /* LaunchScreen.storyboard */ = {
			isa = PBXVariantGroup;
			children = (
				396C8E8F1CDA7D20004AD32D /* Base */,
			);
			name = LaunchScreen.storyboard;
			sourceTree = "<group>";
		};
/* End PBXVariantGroup section */

/* Begin XCBuildConfiguration section */
		396C8E921CDA7D20004AD32D /* Debug */ = {
			isa = XCBuildConfiguration;
			buildSettings = {
				ALWAYS_SEARCH_USER_PATHS = NO;
				CLANG_ANALYZER_NONNULL = YES;
				CLANG_CXX_LANGUAGE_STANDARD = "gnu++0x";
				CLANG_CXX_LIBRARY = "libc++";
				CLANG_ENABLE_MODULES = YES;
				CLANG_ENABLE_OBJC_ARC = YES;
				CLANG_WARN_BLOCK_CAPTURE_AUTORELEASING = YES;
				CLANG_WARN_BOOL_CONVERSION = YES;
				CLANG_WARN_COMMA = YES;
				CLANG_WARN_CONSTANT_CONVERSION = YES;
				CLANG_WARN_DIRECT_OBJC_ISA_USAGE = YES_ERROR;
				CLANG_WARN_EMPTY_BODY = YES;
				CLANG_WARN_ENUM_CONVERSION = YES;
				CLANG_WARN_INFINITE_RECURSION = YES;
				CLANG_WARN_INT_CONVERSION = YES;
				CLANG_WARN_NON_LITERAL_NULL_CONVERSION = YES;
				CLANG_WARN_OBJC_LITERAL_CONVERSION = YES;
				CLANG_WARN_OBJC_ROOT_CLASS = YES_ERROR;
				CLANG_WARN_RANGE_LOOP_ANALYSIS = YES;
				CLANG_WARN_STRICT_PROTOTYPES = YES;
				CLANG_WARN_SUSPICIOUS_MOVE = YES;
				CLANG_WARN_UNREACHABLE_CODE = YES;
				CLANG_WARN__DUPLICATE_METHOD_MATCH = YES;
				"CODE_SIGN_IDENTITY[sdk=iphoneos*]" = "iPhone Developer";
				COPY_PHASE_STRIP = NO;
				DEBUG_INFORMATION_FORMAT = dwarf;
				ENABLE_STRICT_OBJC_MSGSEND = YES;
				ENABLE_TESTABILITY = YES;
				GCC_C_LANGUAGE_STANDARD = gnu99;
				GCC_DYNAMIC_NO_PIC = NO;
				GCC_NO_COMMON_BLOCKS = YES;
				GCC_OPTIMIZATION_LEVEL = 0;
				GCC_PREPROCESSOR_DEFINITIONS = (
					"DEBUG=1",
					"$(inherited)",
				);
				GCC_WARN_64_TO_32_BIT_CONVERSION = YES;
				GCC_WARN_ABOUT_RETURN_TYPE = YES_ERROR;
				GCC_WARN_UNDECLARED_SELECTOR = YES;
				GCC_WARN_UNINITIALIZED_AUTOS = YES_AGGRESSIVE;
				GCC_WARN_UNUSED_FUNCTION = YES;
				GCC_WARN_UNUSED_VARIABLE = YES;
				IPHONEOS_DEPLOYMENT_TARGET = 9.3;
				MTL_ENABLE_DEBUG_INFO = YES;
				ONLY_ACTIVE_ARCH = YES;
				SDKROOT = iphoneos;
				TARGETED_DEVICE_FAMILY = "1,2";
			};
			name = Debug;
		};
		396C8E931CDA7D20004AD32D /* Release */ = {
			isa = XCBuildConfiguration;
			buildSettings = {
				ALWAYS_SEARCH_USER_PATHS = NO;
				CLANG_ANALYZER_NONNULL = YES;
				CLANG_CXX_LANGUAGE_STANDARD = "gnu++0x";
				CLANG_CXX_LIBRARY = "libc++";
				CLANG_ENABLE_MODULES = YES;
				CLANG_ENABLE_OBJC_ARC = YES;
				CLANG_WARN_BLOCK_CAPTURE_AUTORELEASING = YES;
				CLANG_WARN_BOOL_CONVERSION = YES;
				CLANG_WARN_COMMA = YES;
				CLANG_WARN_CONSTANT_CONVERSION = YES;
				CLANG_WARN_DIRECT_OBJC_ISA_USAGE = YES_ERROR;
				CLANG_WARN_EMPTY_BODY = YES;
				CLANG_WARN_ENUM_CONVERSION = YES;
				CLANG_WARN_INFINITE_RECURSION = YES;
				CLANG_WARN_INT_CONVERSION = YES;
				CLANG_WARN_NON_LITERAL_NULL_CONVERSION = YES;
				CLANG_WARN_OBJC_LITERAL_CONVERSION = YES;
				CLANG_WARN_OBJC_ROOT_CLASS = YES_ERROR;
				CLANG_WARN_RANGE_LOOP_ANALYSIS = YES;
				CLANG_WARN_STRICT_PROTOTYPES = YES;
				CLANG_WARN_SUSPICIOUS_MOVE = YES;
				CLANG_WARN_UNREACHABLE_CODE = YES;
				CLANG_WARN__DUPLICATE_METHOD_MATCH = YES;
				"CODE_SIGN_IDENTITY[sdk=iphoneos*]" = "iPhone Developer";
				COPY_PHASE_STRIP = NO;
				DEBUG_INFORMATION_FORMAT = "dwarf-with-dsym";
				ENABLE_NS_ASSERTIONS = NO;
				ENABLE_STRICT_OBJC_MSGSEND = YES;
				GCC_C_LANGUAGE_STANDARD = gnu99;
				GCC_NO_COMMON_BLOCKS = YES;
				GCC_WARN_64_TO_32_BIT_CONVERSION = YES;
				GCC_WARN_ABOUT_RETURN_TYPE = YES_ERROR;
				GCC_WARN_UNDECLARED_SELECTOR = YES;
				GCC_WARN_UNINITIALIZED_AUTOS = YES_AGGRESSIVE;
				GCC_WARN_UNUSED_FUNCTION = YES;
				GCC_WARN_UNUSED_VARIABLE = YES;
				IPHONEOS_DEPLOYMENT_TARGET = 9.3;
				MTL_ENABLE_DEBUG_INFO = NO;
				SDKROOT = iphoneos;
				TARGETED_DEVICE_FAMILY = "1,2";
				VALIDATE_PRODUCT = YES;
			};
			name = Release;
		};
		396C8E951CDA7D20004AD32D /* Debug */ = {
			isa = XCBuildConfiguration;
			baseConfigurationReference = 2A44BE39314E2F757E7E46EA /* Pods-HockeyData.debug.xcconfig */;
			buildSettings = {
				ALWAYS_EMBED_SWIFT_STANDARD_LIBRARIES = YES;
				ASSETCATALOG_COMPILER_APPICON_NAME = AppIcon;
				CLANG_ENABLE_MODULES = YES;
				DEFINES_MODULE = YES;
				DEVELOPMENT_TEAM = DUYQ44RPLQ;
				FRAMEWORK_SEARCH_PATHS = (
					"$(inherited)",
					"$(PROJECT_DIR)",
					"$(PROJECT_DIR)/Carthage/Build/iOS",
					"$(PROJECT_DIR)/Frameworks",
				);
				INFOPLIST_FILE = "Hockey Data/Info.plist";
				LD_RUNPATH_SEARCH_PATHS = "$(inherited) @executable_path/Frameworks";
				PRODUCT_BUNDLE_IDENTIFIER = com.pryanik.HockeyData;
				PRODUCT_NAME = "$(TARGET_NAME)";
				SWIFT_OBJC_BRIDGING_HEADER = "Hockey Data/Hockey Data-Bridging-Header.h";
				SWIFT_OPTIMIZATION_LEVEL = "-Onone";
				SWIFT_VERSION = 4.0;
			};
			name = Debug;
		};
		396C8E961CDA7D20004AD32D /* Release */ = {
			isa = XCBuildConfiguration;
			baseConfigurationReference = 5486C23954C57671CD8D54D2 /* Pods-HockeyData.release.xcconfig */;
			buildSettings = {
				ALWAYS_EMBED_SWIFT_STANDARD_LIBRARIES = YES;
				ASSETCATALOG_COMPILER_APPICON_NAME = AppIcon;
				CLANG_ENABLE_MODULES = YES;
				DEFINES_MODULE = YES;
				DEVELOPMENT_TEAM = DUYQ44RPLQ;
				FRAMEWORK_SEARCH_PATHS = (
					"$(inherited)",
					"$(PROJECT_DIR)",
					"$(PROJECT_DIR)/Carthage/Build/iOS",
					"$(PROJECT_DIR)/Frameworks",
				);
				INFOPLIST_FILE = "Hockey Data/Info.plist";
				LD_RUNPATH_SEARCH_PATHS = "$(inherited) @executable_path/Frameworks";
				PRODUCT_BUNDLE_IDENTIFIER = com.pryanik.HockeyData;
				PRODUCT_NAME = "$(TARGET_NAME)";
				SWIFT_OBJC_BRIDGING_HEADER = "Hockey Data/Hockey Data-Bridging-Header.h";
				SWIFT_VERSION = 4.0;
			};
			name = Release;
		};
/* End XCBuildConfiguration section */

/* Begin XCConfigurationList section */
		396C8E781CDA7D20004AD32D /* Build configuration list for PBXProject "HockeyData" */ = {
			isa = XCConfigurationList;
			buildConfigurations = (
				396C8E921CDA7D20004AD32D /* Debug */,
				396C8E931CDA7D20004AD32D /* Release */,
			);
			defaultConfigurationIsVisible = 0;
			defaultConfigurationName = Release;
		};
		396C8E941CDA7D20004AD32D /* Build configuration list for PBXNativeTarget "HockeyData" */ = {
			isa = XCConfigurationList;
			buildConfigurations = (
				396C8E951CDA7D20004AD32D /* Debug */,
				396C8E961CDA7D20004AD32D /* Release */,
			);
			defaultConfigurationIsVisible = 0;
			defaultConfigurationName = Release;
		};
/* End XCConfigurationList section */
	};
	rootObject = 396C8E751CDA7D20004AD32D /* Project object */;
}
